
Microsoft Visual Studio Solution File, Format Version 12.00
# Visual Studio Version 17
VisualStudioVersion = 17.11.35312.102
MinimumVisualStudioVersion = 10.0.40219.1
Project("{FAE04EC0-301F-11D3-BF4B-00C04F79EFBC}") = "Task_4_Iwanov_Egor", "Task_4_Iwanov_Egor.csproj", "{FB8E7464-E17E-4BC9-A10E-C32E7BD35007}"
EndProject
Global
	GlobalSection(SolutionConfigurationPlatforms) = preSolution
		Debug|Any CPU = Debug|Any CPU
		Release|Any CPU = Release|Any CPU
	EndGlobalSection
	GlobalSection(ProjectConfigurationPlatforms) = postSolution
		{FB8E7464-E17E-4BC9-A10E-C32E7BD35007}.Debug|Any CPU.ActiveCfg = Debug|Any CPU
		{FB8E7464-E17E-4BC9-A10E-C32E7BD35007}.Debug|Any CPU.Build.0 = Debug|Any CPU
		{FB8E7464-E17E-4BC9-A10E-C32E7BD35007}.Release|Any CPU.ActiveCfg = Release|Any CPU
		{FB8E7464-E17E-4BC9-A10E-C32E7BD35007}.Release|Any CPU.Build.0 = Release|Any CPU
	EndGlobalSection
	GlobalSection(SolutionProperties) = preSolution
		HideSolutionNode = FALSE
	EndGlobalSection
	GlobalSection(ExtensibilityGlobals) = postSolution
		SolutionGuid = {06C245AE-2C92-483D-94FA-E2C1C757F902}
	EndGlobalSection
EndGlobal
